
Microsoft Visual Studio Solution File, Format Version 12.00
# Visual Studio 15
VisualStudioVersion = 15.0.28307.1267
MinimumVisualStudioVersion = 10.0.40219.1
Project("{FAE04EC0-301F-11D3-BF4B-00C04F79EFBC}") = "Ex04.Menus.Delegates", "Ex04.Menus.Delegates\Ex04.Menus.Delegates.csproj", "{4AC63570-4F82-4088-A16C-B53BBCCC5913}"
EndProject
Project("{FAE04EC0-301F-11D3-BF4B-00C04F79EFBC}") = "Ex04.Menus.Test", "Ex04.Menus.Test\Ex04.Menus.Test.csproj", "{D8C07318-BC4F-45DF-A67E-C78E8383A2FF}"
EndProject
Project("{FAE04EC0-301F-11D3-BF4B-00C04F79EFBC}") = "Ex04.Menus. Interfaces", "Ex04.Menus. Interfaces\Ex04.Menus. Interfaces.csproj", "{465F0728-4AEA-49BD-833F-AF502514AB16}"
EndProject
Global
	GlobalSection(SolutionConfigurationPlatforms) = preSolution
		Debug|Any CPU = Debug|Any CPU
		Release|Any CPU = Release|Any CPU
	EndGlobalSection
	GlobalSection(ProjectConfigurationPlatforms) = postSolution
		{4AC63570-4F82-4088-A16C-B53BBCCC5913}.Debug|Any CPU.ActiveCfg = Debug|Any CPU
		{4AC63570-4F82-4088-A16C-B53BBCCC5913}.Debug|Any CPU.Build.0 = Debug|Any CPU
		{4AC63570-4F82-4088-A16C-B53BBCCC5913}.Release|Any CPU.ActiveCfg = Release|Any CPU
		{4AC63570-4F82-4088-A16C-B53BBCCC5913}.Release|Any CPU.Build.0 = Release|Any CPU
		{D8C07318-BC4F-45DF-A67E-C78E8383A2FF}.Debug|Any CPU.ActiveCfg = Debug|Any CPU
		{D8C07318-BC4F-45DF-A67E-C78E8383A2FF}.Debug|Any CPU.Build.0 = Debug|Any CPU
		{D8C07318-BC4F-45DF-A67E-C78E8383A2FF}.Release|Any CPU.ActiveCfg = Release|Any CPU
		{D8C07318-BC4F-45DF-A67E-C78E8383A2FF}.Release|Any CPU.Build.0 = Release|Any CPU
		{465F0728-4AEA-49BD-833F-AF502514AB16}.Debug|Any CPU.ActiveCfg = Debug|Any CPU
		{465F0728-4AEA-49BD-833F-AF502514AB16}.Debug|Any CPU.Build.0 = Debug|Any CPU
		{465F0728-4AEA-49BD-833F-AF502514AB16}.Release|Any CPU.ActiveCfg = Release|Any CPU
		{465F0728-4AEA-49BD-833F-AF502514AB16}.Release|Any CPU.Build.0 = Release|Any CPU
	EndGlobalSection
	GlobalSection(SolutionProperties) = preSolution
		HideSolutionNode = FALSE
	EndGlobalSection
	GlobalSection(ExtensibilityGlobals) = postSolution
		SolutionGuid = {27AD649A-8377-4AD6-B87D-043CB050D7CB}
	EndGlobalSection
EndGlobal
